
Microsoft Visual Studio Solution File, Format Version 12.00
Project("{FAE04EC0-301F-11D3-BF4B-00C04F79EFBC}") = "schedule", "schedule\schedule.csproj", "{5824D4EC-F091-4230-B300-4AB4748C8FCC}"
EndProject
Global
	GlobalSection(SolutionConfigurationPlatforms) = preSolution
		Debug|Any CPU = Debug|Any CPU
		Release|Any CPU = Release|Any CPU
	EndGlobalSection
	GlobalSection(ProjectConfigurationPlatforms) = postSolution
		{5824D4EC-F091-4230-B300-4AB4748C8FCC}.Debug|Any CPU.ActiveCfg = Debug|Any CPU
		{5824D4EC-F091-4230-B300-4AB4748C8FCC}.Debug|Any CPU.Build.0 = Debug|Any CPU
		{5824D4EC-F091-4230-B300-4AB4748C8FCC}.Release|Any CPU.ActiveCfg = Release|Any CPU
		{5824D4EC-F091-4230-B300-4AB4748C8FCC}.Release|Any CPU.Build.0 = Release|Any CPU
	EndGlobalSection
EndGlobal
